{
  "name": "agent-keychain",
  "version": "0.2.0",
  "lockfileVersion": 3,
  "requires": true,
  "packages": {
    "": {
      "name": "agent-keychain",
      "version": "0.2.0",
      "license": "MIT",
      "dependencies": {
        "browser-use-sdk": "^3.11.3"
      },
      "bin": {
        "agent-keychain": "scripts/setup.js",
        "keychain-checkout": "scripts/checkout/run.js",
        "keychain-log-topup": "scripts/log-topup.js",
        "keychain-view-log": "scripts/view-log.js"
      },
      "engines": {
        "node": ">=18"
      }
    },
    "node_modules/browser-use-sdk": {
      "version": "3.11.3",
      "resolved": "https://registry.npmjs.org/browser-use-sdk/-/browser-use-sdk-3.11.3.tgz",
      "integrity": "sha512-lVOHeyB/Bh9h5kPtxqgZ+nYmY6OJWYtGgeovLs0jHUrsIfIlFZ0YXEkL99Y8X1SlYQyzcEYTDLpxvkiHBQpWvw==",
      "license": "MIT",
      "dependencies": {
        "dotenv": "17.4.2",
        "zod": "4.4.3"
      },
      "peerDependencies": {
        "@x402/evm": "^2.20.0",
        "@x402/fetch": "^2.20.0",
        "viem": "^2.55.10"
      },
      "peerDependenciesMeta": {
        "@x402/evm": {
          "optional": true
        },
        "@x402/fetch": {
          "optional": true
        },
        "viem": {
          "optional": true
        }
      }
    },
    "node_modules/dotenv": {
      "version": "17.4.2",
      "resolved": "https://registry.npmjs.org/dotenv/-/dotenv-17.4.2.tgz",
      "integrity": "sha512-nI4U3TottKAcAD9LLud4Cb7b2QztQMUEfHbvhTH09bqXTxnSie8WnjPALV/WMCrJZ6UV/qHJ6L03OqO3LcdYZw==",
      "license": "BSD-2-Clause",
      "engines": {
        "node": ">=12"
      },
      "funding": {
        "url": "https://dotenvx.com"
      }
    },
    "node_modules/zod": {
      "version": "4.4.3",
      "resolved": "https://registry.npmjs.org/zod/-/zod-4.4.3.tgz",
      "integrity": "sha512-ytENFjIJFl2UwYglde2jchW2Hwm4GJFLDiSXWdTrJQBIN9Fcyp7n4DhxJEiWNAJMV1/BqWfW/kkg71UDcHJyTQ==",
      "license": "MIT",
      "funding": {
        "url": "https://github.com/sponsors/colinhacks"
      }
    }
  }
}
